
Microsoft Visual Studio Solution File, Format Version 12.00
# Visual Studio Version 16
VisualStudioVersion = 16.0.31424.327
MinimumVisualStudioVersion = 10.0.40219.1
Project("{FAE04EC0-301F-11D3-BF4B-00C04F79EFBC}") = "WVC_BiotechFramework_XenotypesAndGenes", "WVC_BiotechFramework_XenotypesAndGenes.csproj", "{446F3771-6E21-4958-9805-E2DD6D52DBF2}"
EndProject
Global
	GlobalSection(SolutionConfigurationPlatforms) = preSolution
		Debug|Any CPU = Debug|Any CPU
		Release|Any CPU = Release|Any CPU
	EndGlobalSection
	GlobalSection(ProjectConfigurationPlatforms) = postSolution
		{446F3771-6E21-4958-9805-E2DD6D52DBF2}.Debug|Any CPU.ActiveCfg = Debug|Any CPU
		{446F3771-6E21-4958-9805-E2DD6D52DBF2}.Release|Any CPU.ActiveCfg = Release|Any CPU
		{446F3771-6E21-4958-9805-E2DD6D52DBF2}.Release|Any CPU.Build.0 = Release|Any CPU
	EndGlobalSection
	GlobalSection(SolutionProperties) = preSolution
		HideSolutionNode = FALSE
	EndGlobalSection
	GlobalSection(ExtensibilityGlobals) = postSolution
		SolutionGuid = {24A82052-1925-4CA7-879B-828D999F38D7}
	EndGlobalSection
EndGlobal
